
Microsoft Visual Studio Solution File, Format Version 12.00
# Visual Studio Version 17
VisualStudioVersion = 17.5.33530.505
MinimumVisualStudioVersion = 10.0.40219.1
Project("{FAE04EC0-301F-11D3-BF4B-00C04F79EFBC}") = "ClientWPF", "ClientWPF\ClientWPF.csproj", "{F1C8295F-9848-4910-9CAB-62B77ADE3ACA}"
EndProject
Global
	GlobalSection(SolutionConfigurationPlatforms) = preSolution
		Debug|Any CPU = Debug|Any CPU
		Release|Any CPU = Release|Any CPU
	EndGlobalSection
	GlobalSection(ProjectConfigurationPlatforms) = postSolution
		{F1C8295F-9848-4910-9CAB-62B77ADE3ACA}.Debug|Any CPU.ActiveCfg = Debug|Any CPU
		{F1C8295F-9848-4910-9CAB-62B77ADE3ACA}.Debug|Any CPU.Build.0 = Debug|Any CPU
		{F1C8295F-9848-4910-9CAB-62B77ADE3ACA}.Release|Any CPU.ActiveCfg = Release|Any CPU
		{F1C8295F-9848-4910-9CAB-62B77ADE3ACA}.Release|Any CPU.Build.0 = Release|Any CPU
	EndGlobalSection
	GlobalSection(SolutionProperties) = preSolution
		HideSolutionNode = FALSE
	EndGlobalSection
	GlobalSection(ExtensibilityGlobals) = postSolution
		SolutionGuid = {A2144351-FEF5-4A2F-A7B3-9794BB949E77}
	EndGlobalSection
EndGlobal
